
Microsoft Visual Studio Solution File, Format Version 12.00
# Visual Studio 15
VisualStudioVersion = 15.0.28307.1169
MinimumVisualStudioVersion = 10.0.40219.1
Project("{FAE04EC0-301F-11D3-BF4B-00C04F79EFBC}") = "MyClock", "MyClock\MyClock.csproj", "{D0205D6A-034E-4E0A-A7FD-9BC4DA558D78}"
EndProject
Project("{FAE04EC0-301F-11D3-BF4B-00C04F79EFBC}") = "ClockControlLibrary", "ClockControlLibrary\ClockControlLibrary.csproj", "{8FD729B5-D645-4881-A7FB-DDA30A78B55F}"
EndProject
Global
	GlobalSection(SolutionConfigurationPlatforms) = preSolution
		Debug|Any CPU = Debug|Any CPU
		Release|Any CPU = Release|Any CPU
	EndGlobalSection
	GlobalSection(ProjectConfigurationPlatforms) = postSolution
		{D0205D6A-034E-4E0A-A7FD-9BC4DA558D78}.Debug|Any CPU.ActiveCfg = Debug|Any CPU
		{D0205D6A-034E-4E0A-A7FD-9BC4DA558D78}.Debug|Any CPU.Build.0 = Debug|Any CPU
		{D0205D6A-034E-4E0A-A7FD-9BC4DA558D78}.Release|Any CPU.ActiveCfg = Release|Any CPU
		{D0205D6A-034E-4E0A-A7FD-9BC4DA558D78}.Release|Any CPU.Build.0 = Release|Any CPU
		{8FD729B5-D645-4881-A7FB-DDA30A78B55F}.Debug|Any CPU.ActiveCfg = Debug|Any CPU
		{8FD729B5-D645-4881-A7FB-DDA30A78B55F}.Debug|Any CPU.Build.0 = Debug|Any CPU
		{8FD729B5-D645-4881-A7FB-DDA30A78B55F}.Release|Any CPU.ActiveCfg = Release|Any CPU
		{8FD729B5-D645-4881-A7FB-DDA30A78B55F}.Release|Any CPU.Build.0 = Release|Any CPU
	EndGlobalSection
	GlobalSection(SolutionProperties) = preSolution
		HideSolutionNode = FALSE
	EndGlobalSection
	GlobalSection(ExtensibilityGlobals) = postSolution
		SolutionGuid = {E98C1E48-6C4F-4265-B4A1-750E8257BD82}
	EndGlobalSection
EndGlobal
